Microsoft Visual Studio Solution File, Format Version 8.00
Project("{8BC9CEB8-8B4A-11D0-8D11-00A0C91BC942}") = "cwrap", "cwrap\cwrap.vcproj", "{4D46FB41-70DC-461E-AB7E-4DE86E3A6ADE}"
	ProjectSection(ProjectDependencies) = postProject
		{93749B0E-BEBA-452C-AF9E-94E4F6D0622B} = {93749B0E-BEBA-452C-AF9E-94E4F6D0622B}
		{07DA2167-1E9F-4A46-9512-AFABD21DD976} = {07DA2167-1E9F-4A46-9512-AFABD21DD976}
		{FA912ACC-27C1-4CFF-B314-95E01E6FB783} = {FA912ACC-27C1-4CFF-B314-95E01E6FB783}
	EndProjectSection
EndProject
Project("{8BC9CEB8-8B4A-11D0-8D11-00A0C91BC942}") = "libwic", "libwic\libwic.vcproj", "{FA912ACC-27C1-4CFF-B314-95E01E6FB783}"
	ProjectSection(ProjectDependencies) = postProject
		{AFEA3738-EB23-450B-9E16-81B1BB1A20A6} = {AFEA3738-EB23-450B-9E16-81B1BB1A20A6}
	EndProjectSection
EndProject
Project("{8BC9CEB8-8B4A-11D0-8D11-00A0C91BC942}") = "qatest", "qatest\qatest.vcproj", "{5E145BE1-4ED8-4C48-BB0B-B131C55FDF73}"
	ProjectSection(ProjectDependencies) = postProject
		{93749B0E-BEBA-452C-AF9E-94E4F6D0622B} = {93749B0E-BEBA-452C-AF9E-94E4F6D0622B}
		{07DA2167-1E9F-4A46-9512-AFABD21DD976} = {07DA2167-1E9F-4A46-9512-AFABD21DD976}
		{FA912ACC-27C1-4CFF-B314-95E01E6FB783} = {FA912ACC-27C1-4CFF-B314-95E01E6FB783}
	EndProjectSection
EndProject
Project("{8BC9CEB8-8B4A-11D0-8D11-00A0C91BC942}") = "imgs", "..\imgs\imgs.vcproj", "{93749B0E-BEBA-452C-AF9E-94E4F6D0622B}"
	ProjectSection(ProjectDependencies) = postProject
	EndProjectSection
EndProject
Project("{8BC9CEB8-8B4A-11D0-8D11-00A0C91BC942}") = "wavelets", "..\wavelets\wavelets.vcproj", "{07DA2167-1E9F-4A46-9512-AFABD21DD976}"
	ProjectSection(ProjectDependencies) = postProject
	EndProjectSection
EndProject
Project("{8BC9CEB8-8B4A-11D0-8D11-00A0C91BC942}") = "arcoder", "..\arcoder\arcoder.vcproj", "{AFEA3738-EB23-450B-9E16-81B1BB1A20A6}"
	ProjectSection(ProjectDependencies) = postProject
	EndProjectSection
EndProject
Global
	GlobalSection(SolutionConfiguration) = preSolution
		Debug = Debug
		Release = Release
	EndGlobalSection
	GlobalSection(ProjectDependencies) = postSolution
	EndGlobalSection
	GlobalSection(ProjectConfiguration) = postSolution
		{4D46FB41-70DC-461E-AB7E-4DE86E3A6ADE}.Debug.ActiveCfg = Debug|Win32
		{4D46FB41-70DC-461E-AB7E-4DE86E3A6ADE}.Debug.Build.0 = Debug|Win32
		{4D46FB41-70DC-461E-AB7E-4DE86E3A6ADE}.Release.ActiveCfg = Release|Win32
		{4D46FB41-70DC-461E-AB7E-4DE86E3A6ADE}.Release.Build.0 = Release|Win32
		{FA912ACC-27C1-4CFF-B314-95E01E6FB783}.Debug.ActiveCfg = Debug|Win32
		{FA912ACC-27C1-4CFF-B314-95E01E6FB783}.Debug.Build.0 = Debug|Win32
		{FA912ACC-27C1-4CFF-B314-95E01E6FB783}.Release.ActiveCfg = Release|Win32
		{FA912ACC-27C1-4CFF-B314-95E01E6FB783}.Release.Build.0 = Release|Win32
		{5E145BE1-4ED8-4C48-BB0B-B131C55FDF73}.Debug.ActiveCfg = Debug|Win32
		{5E145BE1-4ED8-4C48-BB0B-B131C55FDF73}.Debug.Build.0 = Debug|Win32
		{5E145BE1-4ED8-4C48-BB0B-B131C55FDF73}.Release.ActiveCfg = Release|Win32
		{5E145BE1-4ED8-4C48-BB0B-B131C55FDF73}.Release.Build.0 = Release|Win32
		{93749B0E-BEBA-452C-AF9E-94E4F6D0622B}.Debug.ActiveCfg = Debug|Win32
		{93749B0E-BEBA-452C-AF9E-94E4F6D0622B}.Debug.Build.0 = Debug|Win32
		{93749B0E-BEBA-452C-AF9E-94E4F6D0622B}.Release.ActiveCfg = Release|Win32
		{93749B0E-BEBA-452C-AF9E-94E4F6D0622B}.Release.Build.0 = Release|Win32
		{07DA2167-1E9F-4A46-9512-AFABD21DD976}.Debug.ActiveCfg = Debug|Win32
		{07DA2167-1E9F-4A46-9512-AFABD21DD976}.Debug.Build.0 = Debug|Win32
		{07DA2167-1E9F-4A46-9512-AFABD21DD976}.Release.ActiveCfg = Release|Win32
		{07DA2167-1E9F-4A46-9512-AFABD21DD976}.Release.Build.0 = Release|Win32
		{AFEA3738-EB23-450B-9E16-81B1BB1A20A6}.Debug.ActiveCfg = Debug|Win32
		{AFEA3738-EB23-450B-9E16-81B1BB1A20A6}.Debug.Build.0 = Debug|Win32
		{AFEA3738-EB23-450B-9E16-81B1BB1A20A6}.Release.ActiveCfg = Release|Win32
		{AFEA3738-EB23-450B-9E16-81B1BB1A20A6}.Release.Build.0 = Release|Win32
	EndGlobalSection
	GlobalSection(ExtensibilityGlobals) = postSolution
	EndGlobalSection
	GlobalSection(ExtensibilityAddIns) = postSolution
	EndGlobalSection
EndGlobal
